
Microsoft Visual Studio Solution File, Format Version 12.00
# Visual Studio Version 17
VisualStudioVersion = 17.10.35004.147
MinimumVisualStudioVersion = 10.0.40219.1
Project("{FAE04EC0-301F-11D3-BF4B-00C04F79EFBC}") = "Project Lmao", "Project Lmao\Project Lmao.csproj", "{B34B7C2E-459A-4ABE-BA4B-09F628B17553}"
EndProject
Global
	GlobalSection(SolutionConfigurationPlatforms) = preSolution
		Debug|Any CPU = Debug|Any CPU
		Release|Any CPU = Release|Any CPU
	EndGlobalSection
	GlobalSection(ProjectConfigurationPlatforms) = postSolution
		{B34B7C2E-459A-4ABE-BA4B-09F628B17553}.Debug|Any CPU.ActiveCfg = Debug|Any CPU
		{B34B7C2E-459A-4ABE-BA4B-09F628B17553}.Debug|Any CPU.Build.0 = Debug|Any CPU
		{B34B7C2E-459A-4ABE-BA4B-09F628B17553}.Release|Any CPU.ActiveCfg = Release|Any CPU
		{B34B7C2E-459A-4ABE-BA4B-09F628B17553}.Release|Any CPU.Build.0 = Release|Any CPU
	EndGlobalSection
	GlobalSection(SolutionProperties) = preSolution
		HideSolutionNode = FALSE
	EndGlobalSection
	GlobalSection(ExtensibilityGlobals) = postSolution
		SolutionGuid = {23914F14-5172-4DB5-9E19-A0DBA7D423D3}
	EndGlobalSection
EndGlobal
